# THIS IS AN AUTOGENERATED FILE. DO NOT EDIT THIS FILE DIRECTLY.
# yarn lockfile v1


"@alicloud/mpserverless-sdk@^2.3.2":
  version "2.3.2"
  resolved "https://registry.npm.alibaba-inc.com/@alicloud/mpserverless-sdk/download/@alicloud/mpserverless-sdk-2.3.2.tgz#ab1f9275f5a766937769685423589ece611da04c"
  integrity sha1-qx+SdfWnZpN3aWhUI1iezmEdoEw=

lodash-es@^4.17.15:
  version "4.17.15"
  resolved "https://registry.npm.alibaba-inc.com/lodash-es/download/lodash-es-4.17.15.tgz#21bd96839354412f23d7a10340e5eac6ee455d78"
  integrity sha1-Ib2Wg5NUQS8j16EDQOXqxu5FXXg=
